{
  "name": "pagesjsonconverter",
  "version": "1.0.0",
  "lockfileVersion": 1,
  "requires": true,
  "dependencies": {
    "@dcloudio/uni-cli-shared": {
      "version": "2.0.0-28920200907001",
      "resolved": "https://registry.npm.taobao.org/@dcloudio/uni-cli-shared/download/@dcloudio/uni-cli-shared-2.0.0-28920200907001.tgz",
      "integrity": "sha1-XLhSeeBtaHkrdaNv4qP3RKG0TFc=",
      "requires": {
        "hash-sum": "^1.0.2",
        "postcss-urlrewrite": "^0.2.2",
        "strip-json-comments": "^2.0.1"
      }
    },
    "hash-sum": {
      "version": "1.0.2",
      "resolved": "https://registry.npm.taobao.org/hash-sum/download/hash-sum-1.0.2.tgz",
      "integrity": "sha1-M7QHd3VMZDJXPBIMw4CLvRDUfwQ="
    },
    "postcss-helpers": {
      "version": "0.3.2",
      "resolved": "https://registry.npm.taobao.org/postcss-helpers/download/postcss-helpers-0.3.2.tgz",
      "integrity": "sha1-z4ch2NZgXSV3MC+Wav79of6pkpw=",
      "requires": {
        "urijs": "^1.18.12"
      }
    },
    "postcss-urlrewrite": {
      "version": "0.2.2",
      "resolved": "https://registry.npm.taobao.org/postcss-urlrewrite/download/postcss-urlrewrite-0.2.2.tgz",
      "integrity": "sha1-utU/TeBLwIEvJ4czMUvTBi7Ta9Q=",
      "requires": {
        "postcss-helpers": "^0.3.2"
      }
    },
    "strip-json-comments": {
      "version": "2.0.1",
      "resolved": "https://registry.npm.taobao.org/strip-json-comments/download/strip-json-comments-2.0.1.tgz?cache=0&sync_timestamp=1594567586410&other_urls=https%3A%2F%2Fregistry.npm.taobao.org%2Fstrip-json-comments%2Fdownload%2Fstrip-json-comments-2.0.1.tgz",
      "integrity": "sha1-PFMZQukIwml8DsNEhYwobHygpgo="
    },
    "urijs": {
      "version": "1.19.2",
      "resolved": "https://registry.npm.taobao.org/urijs/download/urijs-1.19.2.tgz",
      "integrity": "sha1-+b4J8AxMUTS3yzz0dcHdOUUmJlo="
    }
  }
}
